PODS:
  - Kingfisher (4.6.1)
  - SwiftyJSON (4.0.0)
  - TTTAttributedLabel (2.0.0)
  - TwitterCore (3.1.0)
  - TwitterKit (3.3.0):
    - TwitterCore (>= 3.1.0)

DEPENDENCIES:
  - Kingfisher
  - SwiftyJSON
  - TTTAttributedLabel
  - TwitterKit

SPEC CHECKSUMS:
  Kingfisher: 1f9157d9c02b380cbd0b7cc890161195164eb634
  SwiftyJSON: 070dabdcb1beb81b247c65ffa3a79dbbfb3b48aa
  TTTAttributedLabel: 8cffe8e127e4e82ff3af1e5386d4cd0ad000b656
  TwitterCore: 644d59e75abccb26cf0a9050d2c4dea0e5412241
  TwitterKit: a2e60ddcedbf54091eac6f27685ca7a87681e1d7

PODFILE CHECKSUM: c14ee1539474bfa0f99c58d612498ced6319633d

COCOAPODS: 1.4.0
