PODS:
  - Fabric (1.7.6)
  - Kingfisher (4.7.0)
  - SwiftyJSON (4.1.0)
  - TabPageViewController (0.2.7)
  - TTTAttributedLabel (2.0.0)
  - TwitterCore (2.8.0):
    - Fabric
  - TwitterKit (2.8.1):
    - TwitterCore (>= 2.8)

DEPENDENCIES:
  - Kingfisher
  - SwiftyJSON
  - TabPageViewController
  - TTTAttributedLabel
  - TwitterKit

SPEC CHECKSUMS:
  Fabric: f8d42c893bb187326a7968b62abe55c36a987a46
  Kingfisher: da6b005aa96d37698e3e4f1ccfe96a5b9bbf27d6
  SwiftyJSON: c29297daf073d2aa016295d5809cdd68045c39b3
  TabPageViewController: c37a1257a50c2b50712dde61bf499768eee95b67
  TTTAttributedLabel: 8cffe8e127e4e82ff3af1e5386d4cd0ad000b656
  TwitterCore: e959987be23c767004d29eb7fab8d85d8585a2e5
  TwitterKit: 3b6044a7320340326a4098f3e37aa1dbaeb94942

PODFILE CHECKSUM: 4dab43b22fc12f3d5efe195160ef2d00dc65dd88

COCOAPODS: 1.4.0
