// !$*UTF8*$!
{
	archiveVersion = 1;
	classes = {
	};
	objectVersion = 46;
	objects = {

/* Begin PBXBuildFile section */
		03DEAFC7D8B75D72EAEB13B3 /* Pods_TwoLineTests.framework in Frameworks */ = {isa = PBXBuildFile; fileRef = 6B291612B241187A17C59E9D /* Pods_TwoLineTests.framework */; };
		3BEA08603D40C78697DDCAD0 /* Pods_TwoLine.framework in Frameworks */ = {isa = PBXBuildFile; fileRef = D60ACFCD3DBB11420A6BFCDA /* Pods_TwoLine.framework */; };
		61E1FC1D938D7EE7EFB3538B /* Pods_TwoLineUITests.framework in Frameworks */ = {isa = PBXBuildFile; fileRef = 61C5172F0EA5D4F9859C4829 /* Pods_TwoLineUITests.framework */; };
		E605CBF0201459D50045379A /* Account.swift in Sources */ = {isa = PBXBuildFile; fileRef = E605CBEF201459D50045379A /* Account.swift */; };
		E605CBF22015976D0045379A /* Tweet2.swift in Sources */ = {isa = PBXBuildFile; fileRef = E605CBF12015976D0045379A /* Tweet2.swift */; };
		E609E3351F1B9B31006920B0 /* IMG_0562.jpg in Resources */ = {isa = PBXBuildFile; fileRef = E609E3331F1B9B31006920B0 /* IMG_0562.jpg */; };
		E609E3361F1B9B31006920B0 /* IMG_5624.jpg in Resources */ = {isa = PBXBuildFile; fileRef = E609E3341F1B9B31006920B0 /* IMG_5624.jpg */; };
		E631B2A21EFF886D008A8A91 /* Home.png in Resources */ = {isa = PBXBuildFile; fileRef = E631B29D1EFF886D008A8A91 /* Home.png */; };
		E631B2A31EFF886D008A8A91 /* reload.png in Resources */ = {isa = PBXBuildFile; fileRef = E631B29E1EFF886D008A8A91 /* reload.png */; };
		E631B2A41EFF886D008A8A91 /* Search.png in Resources */ = {isa = PBXBuildFile; fileRef = E631B29F1EFF886D008A8A91 /* Search.png */; };
		E631B2A51EFF886D008A8A91 /* Setting.png in Resources */ = {isa = PBXBuildFile; fileRef = E631B2A01EFF886D008A8A91 /* Setting.png */; };
		E631B2A61EFF886D008A8A91 /* Tweet.png in Resources */ = {isa = PBXBuildFile; fileRef = E631B2A11EFF886D008A8A91 /* Tweet.png */; };
		E64549861F035CC100B39016 /* PageTableViewController.swift in Sources */ = {isa = PBXBuildFile; fileRef = E64549851F035CC100B39016 /* PageTableViewController.swift */; };
		E64549881F035CFE00B39016 /* PageTableViewController.storyboard in Resources */ = {isa = PBXBuildFile; fileRef = E64549871F035CFE00B39016 /* PageTableViewController.storyboard */; };
		E65C99481FA57DDA0015568F /* ListTimeLineViewController.swift in Sources */ = {isa = PBXBuildFile; fileRef = E65C99471FA57DDA0015568F /* ListTimeLineViewController.swift */; };
		E65D4F781F2E09940042AF5C /* Add.png in Resources */ = {isa = PBXBuildFile; fileRef = E65D4F771F2E09940042AF5C /* Add.png */; };
		E6706EA21FDCFACA008A2AFC /* Entities.swift in Sources */ = {isa = PBXBuildFile; fileRef = E6706EA11FDCFACA008A2AFC /* Entities.swift */; };
		E676459F203CFFCA00449D87 /* HomeNavigationVC.swift in Sources */ = {isa = PBXBuildFile; fileRef = E676459E203CFFCA00449D87 /* HomeNavigationVC.swift */; };
		E68358391F11F18B00388BF8 /* PageTweetTableViewCell.swift in Sources */ = {isa = PBXBuildFile; fileRef = E68358381F11F18B00388BF8 /* PageTweetTableViewCell.swift */; };
		E68DD43F1EDA9705004D505E /* TabButtonTabBarController.swift in Sources */ = {isa = PBXBuildFile; fileRef = E68DD43E1EDA9705004D505E /* TabButtonTabBarController.swift */; };
		E69EB7931EC81B24001FEC62 /* AppDelegate.swift in Sources */ = {isa = PBXBuildFile; fileRef = E69EB7921EC81B24001FEC62 /* AppDelegate.swift */; };
		E69EB7971EC81B24001FEC62 /* SearchViewController.swift in Sources */ = {isa = PBXBuildFile; fileRef = E69EB7961EC81B24001FEC62 /* SearchViewController.swift */; };
		E69EB79A1EC81B24001FEC62 /* Main.storyboard in Resources */ = {isa = PBXBuildFile; fileRef = E69EB7981EC81B24001FEC62 /* Main.storyboard */; };
		E69EB79C1EC81B24001FEC62 /* Assets.xcassets in Resources */ = {isa = PBXBuildFile; fileRef = E69EB79B1EC81B24001FEC62 /* Assets.xcassets */; };
		E69EB79F1EC81B24001FEC62 /* LaunchScreen.storyboard in Resources */ = {isa = PBXBuildFile; fileRef = E69EB79D1EC81B24001FEC62 /* LaunchScreen.storyboard */; };
		E69EB7AA1EC81B24001FEC62 /* TwoLineTests.swift in Sources */ = {isa = PBXBuildFile; fileRef = E69EB7A91EC81B24001FEC62 /* TwoLineTests.swift */; };
		E69EB7B51EC81B24001FEC62 /* TwoLineUITests.swift in Sources */ = {isa = PBXBuildFile; fileRef = E69EB7B41EC81B24001FEC62 /* TwoLineUITests.swift */; };
		E69EB7DE1EC82C13001FEC62 /* SettingVIewController.swift in Sources */ = {isa = PBXBuildFile; fileRef = E69EB7DD1EC82C13001FEC62 /* SettingVIewController.swift */; };
		E69EB7E71EC98695001FEC62 /* User.swift in Sources */ = {isa = PBXBuildFile; fileRef = E69EB7E61EC98695001FEC62 /* User.swift */; };
		E69EB7E91EC98A05001FEC62 /* Tweet.swift in Sources */ = {isa = PBXBuildFile; fileRef = E69EB7E81EC98A05001FEC62 /* Tweet.swift */; };
		E6AFA1A71F8095AA00F4B26D /* MyTabbar.swift in Sources */ = {isa = PBXBuildFile; fileRef = E6AFA1A61F8095AA00F4B26D /* MyTabbar.swift */; };
		E6C026951F16511100D93C88 /* AddUIColor.swift in Sources */ = {isa = PBXBuildFile; fileRef = E6C026941F16511100D93C88 /* AddUIColor.swift */; };
		E6E413621F6E16DE0072ACF4 /* TimelineParser.swift in Sources */ = {isa = PBXBuildFile; fileRef = E6E413611F6E16DE0072ACF4 /* TimelineParser.swift */; };
		E6E413641F6E22B50072ACF4 /* PostTweetViewController.swift in Sources */ = {isa = PBXBuildFile; fileRef = E6E413631F6E22B50072ACF4 /* PostTweetViewController.swift */; };
		E6FD09322001F1B0007AD349 /* Hashtag.swift in Sources */ = {isa = PBXBuildFile; fileRef = E6FD09312001F1B0007AD349 /* Hashtag.swift */; };
		E6FD09342001F5D2007AD349 /* URLs.swift in Sources */ = {isa = PBXBuildFile; fileRef = E6FD09332001F5D2007AD349 /* URLs.swift */; };
		E6FD093820020671007AD349 /* UserMentions.swift in Sources */ = {isa = PBXBuildFile; fileRef = E6FD093720020671007AD349 /* UserMentions.swift */; };
		E6FD093A20070F0D007AD349 /* Media.swift in Sources */ = {isa = PBXBuildFile; fileRef = E6FD093920070F0D007AD349 /* Media.swift */; };
/* End PBXBuildFile section */

/* Begin PBXContainerItemProxy section */
		E69EB7A61EC81B24001FEC62 /* PBXContainerItemProxy */ = {
			isa = PBXContainerItemProxy;
			containerPortal = E69EB7871EC81B24001FEC62 /* Project object */;
			proxyType = 1;
			remoteGlobalIDString = E69EB78E1EC81B24001FEC62;
			remoteInfo = TwoLine;
		};
		E69EB7B11EC81B24001FEC62 /* PBXContainerItemProxy */ = {
			isa = PBXContainerItemProxy;
			containerPortal = E69EB7871EC81B24001FEC62 /* Project object */;
			proxyType = 1;
			remoteGlobalIDString = E69EB78E1EC81B24001FEC62;
			remoteInfo = TwoLine;
		};
/* End PBXContainerItemProxy section */

/* Begin PBXFileReference section */
		067856B15BC27AE69C44227A /* Pods-TwoLineTests.release.xcconfig */ = {isa = PBXFileReference; includeInIndex = 1; lastKnownFileType = text.xcconfig; name = "Pods-TwoLineTests.release.xcconfig"; path = "Pods/Target Support Files/Pods-TwoLineTests/Pods-TwoLineTests.release.xcconfig"; sourceTree = "<group>"; };
		3840078E2A2C045A11E555CD /* Pods-TwoLineUITests.debug.xcconfig */ = {isa = PBXFileReference; includeInIndex = 1; lastKnownFileType = text.xcconfig; name = "Pods-TwoLineUITests.debug.xcconfig"; path = "Pods/Target Support Files/Pods-TwoLineUITests/Pods-TwoLineUITests.debug.xcconfig"; sourceTree = "<group>"; };
		52C46D28C5F1CB917A898DFE /* Pods-TwoLine.release.xcconfig */ = {isa = PBXFileReference; includeInIndex = 1; lastKnownFileType = text.xcconfig; name = "Pods-TwoLine.release.xcconfig"; path = "Pods/Target Support Files/Pods-TwoLine/Pods-TwoLine.release.xcconfig"; sourceTree = "<group>"; };
		56A02B051CF78DCB7043E39D /* Pods-TwoLineTests.debug.xcconfig */ = {isa = PBXFileReference; includeInIndex = 1; lastKnownFileType = text.xcconfig; name = "Pods-TwoLineTests.debug.xcconfig"; path = "Pods/Target Support Files/Pods-TwoLineTests/Pods-TwoLineTests.debug.xcconfig"; sourceTree = "<group>"; };
		61C5172F0EA5D4F9859C4829 /* Pods_TwoLineUITests.framework */ = {isa = PBXFileReference; explicitFileType = wrapper.framework; includeInIndex = 0; path = Pods_TwoLineUITests.framework; sourceTree = BUILT_PRODUCTS_DIR; };
		6B291612B241187A17C59E9D /* Pods_TwoLineTests.framework */ = {isa = PBXFileReference; explicitFileType = wrapper.framework; includeInIndex = 0; path = Pods_TwoLineTests.framework; sourceTree = BUILT_PRODUCTS_DIR; };
		7B34EE7FFBEA1F838A4930DC /* Pods-TwoLineUITests.release.xcconfig */ = {isa = PBXFileReference; includeInIndex = 1; lastKnownFileType = text.xcconfig; name = "Pods-TwoLineUITests.release.xcconfig"; path = "Pods/Target Support Files/Pods-TwoLineUITests/Pods-TwoLineUITests.release.xcconfig"; sourceTree = "<group>"; };
		C4C650C9D6B958FEFB90D1F3 /* Pods-TwoLine.debug.xcconfig */ = {isa = PBXFileReference; includeInIndex = 1; lastKnownFileType = text.xcconfig; name = "Pods-TwoLine.debug.xcconfig"; path = "Pods/Target Support Files/Pods-TwoLine/Pods-TwoLine.debug.xcconfig"; sourceTree = "<group>"; };
		D60ACFCD3DBB11420A6BFCDA /* Pods_TwoLine.framework */ = {isa = PBXFileReference; explicitFileType = wrapper.framework; includeInIndex = 0; path = Pods_TwoLine.framework; sourceTree = BUILT_PRODUCTS_DIR; };
		E605CBEF201459D50045379A /* Account.swift */ = {isa = PBXFileReference; fileEncoding = 4; lastKnownFileType = sourcecode.swift; path = Account.swift; sourceTree = "<group>"; };
		E605CBF12015976D0045379A /* Tweet2.swift */ = {isa = PBXFileReference; lastKnownFileType = sourcecode.swift; path = Tweet2.swift; sourceTree = "<group>"; };
		E609E3331F1B9B31006920B0 /* IMG_0562.jpg */ = {isa = PBXFileReference; lastKnownFileType = image.jpeg; path = IMG_0562.jpg; sourceTree = "<group>"; };
		E609E3341F1B9B31006920B0 /* IMG_5624.jpg */ = {isa = PBXFileReference; lastKnownFileType = image.jpeg; path = IMG_5624.jpg; sourceTree = "<group>"; };
		E631B29D1EFF886D008A8A91 /* Home.png */ = {isa = PBXFileReference; lastKnownFileType = image.png; path = Home.png; sourceTree = "<group>"; };
		E631B29E1EFF886D008A8A91 /* reload.png */ = {isa = PBXFileReference; lastKnownFileType = image.png; path = reload.png; sourceTree = "<group>"; };
		E631B29F1EFF886D008A8A91 /* Search.png */ = {isa = PBXFileReference; lastKnownFileType = image.png; path = Search.png; sourceTree = "<group>"; };
		E631B2A01EFF886D008A8A91 /* Setting.png */ = {isa = PBXFileReference; lastKnownFileType = image.png; path = Setting.png; sourceTree = "<group>"; };
		E631B2A11EFF886D008A8A91 /* Tweet.png */ = {isa = PBXFileReference; lastKnownFileType = image.png; path = Tweet.png; sourceTree = "<group>"; };
		E64549851F035CC100B39016 /* PageTableViewController.swift */ = {isa = PBXFileReference; fileEncoding = 4; lastKnownFileType = sourcecode.swift; name = PageTableViewController.swift; path = ../PageTableViewController.swift; sourceTree = "<group>"; };
		E64549871F035CFE00B39016 /* PageTableViewController.storyboard */ = {isa = PBXFileReference; fileEncoding = 4; lastKnownFileType = file.storyboard; path = PageTableViewController.storyboard; sourceTree = "<group>"; };
		E65C99471FA57DDA0015568F /* ListTimeLineViewController.swift */ = {isa = PBXFileReference; lastKnownFileType = sourcecode.swift; path = ListTimeLineViewController.swift; sourceTree = "<group>"; };
		E65D4F771F2E09940042AF5C /* Add.png */ = {isa = PBXFileReference; lastKnownFileType = image.png; path = Add.png; sourceTree = "<group>"; };
		E6706EA11FDCFACA008A2AFC /* Entities.swift */ = {isa = PBXFileReference; lastKnownFileType = sourcecode.swift; path = Entities.swift; sourceTree = "<group>"; };
		E676459E203CFFCA00449D87 /* HomeNavigationVC.swift */ = {isa = PBXFileReference; lastKnownFileType = sourcecode.swift; path = HomeNavigationVC.swift; sourceTree = "<group>"; };
		E68358381F11F18B00388BF8 /* PageTweetTableViewCell.swift */ = {isa = PBXFileReference; fileEncoding = 4; lastKnownFileType = sourcecode.swift; path = PageTweetTableViewCell.swift; sourceTree = "<group>"; };
		E68DD43E1EDA9705004D505E /* TabButtonTabBarController.swift */ = {isa = PBXFileReference; fileEncoding = 4; lastKnownFileType = sourcecode.swift; path = TabButtonTabBarController.swift; sourceTree = "<group>"; };
		E69EB78F1EC81B24001FEC62 /* TwoLine.app */ = {isa = PBXFileReference; explicitFileType = wrapper.application; includeInIndex = 0; path = TwoLine.app; sourceTree = BUILT_PRODUCTS_DIR; };
		E69EB7921EC81B24001FEC62 /* AppDelegate.swift */ = {isa = PBXFileReference; lastKnownFileType = sourcecode.swift; path = AppDelegate.swift; sourceTree = "<group>"; };
		E69EB7961EC81B24001FEC62 /* SearchViewController.swift */ = {isa = PBXFileReference; lastKnownFileType = sourcecode.swift; path = SearchViewController.swift; sourceTree = "<group>"; };
		E69EB7991EC81B24001FEC62 /* Base */ = {isa = PBXFileReference; lastKnownFileType = file.storyboard; name = Base; path = Base.lproj/Main.storyboard; sourceTree = "<group>"; };
		E69EB79B1EC81B24001FEC62 /* Assets.xcassets */ = {isa = PBXFileReference; lastKnownFileType = folder.assetcatalog; path = Assets.xcassets; sourceTree = "<group>"; };
		E69EB79E1EC81B24001FEC62 /* Base */ = {isa = PBXFileReference; lastKnownFileType = file.storyboard; name = Base; path = Base.lproj/LaunchScreen.storyboard; sourceTree = "<group>"; };
		E69EB7A01EC81B24001FEC62 /* Info.plist */ = {isa = PBXFileReference; lastKnownFileType = text.plist.xml; path = Info.plist; sourceTree = "<group>"; };
		E69EB7A51EC81B24001FEC62 /* TwoLineTests.xctest */ = {isa = PBXFileReference; explicitFileType = wrapper.cfbundle; includeInIndex = 0; path = TwoLineTests.xctest; sourceTree = BUILT_PRODUCTS_DIR; };
		E69EB7A91EC81B24001FEC62 /* TwoLineTests.swift */ = {isa = PBXFileReference; lastKnownFileType = sourcecode.swift; path = TwoLineTests.swift; sourceTree = "<group>"; };
		E69EB7AB1EC81B24001FEC62 /* Info.plist */ = {isa = PBXFileReference; lastKnownFileType = text.plist.xml; path = Info.plist; sourceTree = "<group>"; };
		E69EB7B01EC81B24001FEC62 /* TwoLineUITests.xctest */ = {isa = PBXFileReference; explicitFileType = wrapper.cfbundle; includeInIndex = 0; path = TwoLineUITests.xctest; sourceTree = BUILT_PRODUCTS_DIR; };
		E69EB7B41EC81B24001FEC62 /* TwoLineUITests.swift */ = {isa = PBXFileReference; lastKnownFileType = sourcecode.swift; path = TwoLineUITests.swift; sourceTree = "<group>"; };
		E69EB7B61EC81B24001FEC62 /* Info.plist */ = {isa = PBXFileReference; lastKnownFileType = text.plist.xml; path = Info.plist; sourceTree = "<group>"; };
		E69EB7DD1EC82C13001FEC62 /* SettingVIewController.swift */ = {isa = PBXFileReference; fileEncoding = 4; lastKnownFileType = sourcecode.swift; path = SettingVIewController.swift; sourceTree = "<group>"; };
		E69EB7E61EC98695001FEC62 /* User.swift */ = {isa = PBXFileReference; fileEncoding = 4; lastKnownFileType = sourcecode.swift; path = User.swift; sourceTree = "<group>"; };
		E69EB7E81EC98A05001FEC62 /* Tweet.swift */ = {isa = PBXFileReference; fileEncoding = 4; lastKnownFileType = sourcecode.swift; path = Tweet.swift; sourceTree = "<group>"; };
		E6AFA1A61F8095AA00F4B26D /* MyTabbar.swift */ = {isa = PBXFileReference; lastKnownFileType = sourcecode.swift; path = MyTabbar.swift; sourceTree = "<group>"; };
		E6C026941F16511100D93C88 /* AddUIColor.swift */ = {isa = PBXFileReference; fileEncoding = 4; lastKnownFileType = sourcecode.swift; path = AddUIColor.swift; sourceTree = "<group>"; };
		E6E413611F6E16DE0072ACF4 /* TimelineParser.swift */ = {isa = PBXFileReference; fileEncoding = 4; lastKnownFileType = sourcecode.swift; path = TimelineParser.swift; sourceTree = "<group>"; };
		E6E413631F6E22B50072ACF4 /* PostTweetViewController.swift */ = {isa = PBXFileReference; fileEncoding = 4; lastKnownFileType = sourcecode.swift; path = PostTweetViewController.swift; sourceTree = "<group>"; };
		E6FD09312001F1B0007AD349 /* Hashtag.swift */ = {isa = PBXFileReference; lastKnownFileType = sourcecode.swift; path = Hashtag.swift; sourceTree = "<group>"; };
		E6FD09332001F5D2007AD349 /* URLs.swift */ = {isa = PBXFileReference; lastKnownFileType = sourcecode.swift; path = URLs.swift; sourceTree = "<group>"; };
		E6FD093720020671007AD349 /* UserMentions.swift */ = {isa = PBXFileReference; lastKnownFileType = sourcecode.swift; path = UserMentions.swift; sourceTree = "<group>"; };
		E6FD093920070F0D007AD349 /* Media.swift */ = {isa = PBXFileReference; lastKnownFileType = sourcecode.swift; path = Media.swift; sourceTree = "<group>"; };
/* End PBXFileReference section */

/* Begin PBXFrameworksBuildPhase section */
		E69EB78C1EC81B24001FEC62 /* Frameworks */ = {
			isa = PBXFrameworksBuildPhase;
			buildActionMask = 2147483647;
			files = (
				3BEA08603D40C78697DDCAD0 /* Pods_TwoLine.framework in Frameworks */,
			);
			runOnlyForDeploymentPostprocessing = 0;
		};
		E69EB7A21EC81B24001FEC62 /* Frameworks */ = {
			isa = PBXFrameworksBuildPhase;
			buildActionMask = 2147483647;
			files = (
				03DEAFC7D8B75D72EAEB13B3 /* Pods_TwoLineTests.framework in Frameworks */,
			);
			runOnlyForDeploymentPostprocessing = 0;
		};
		E69EB7AD1EC81B24001FEC62 /* Frameworks */ = {
			isa = PBXFrameworksBuildPhase;
			buildActionMask = 2147483647;
			files = (
				61E1FC1D938D7EE7EFB3538B /* Pods_TwoLineUITests.framework in Frameworks */,
			);
			runOnlyForDeploymentPostprocessing = 0;
		};
/* End PBXFrameworksBuildPhase section */

/* Begin PBXGroup section */
		5DBD2843EB8E4769F892503A /* Pods */ = {
			isa = PBXGroup;
			children = (
				C4C650C9D6B958FEFB90D1F3 /* Pods-TwoLine.debug.xcconfig */,
				52C46D28C5F1CB917A898DFE /* Pods-TwoLine.release.xcconfig */,
				56A02B051CF78DCB7043E39D /* Pods-TwoLineTests.debug.xcconfig */,
				067856B15BC27AE69C44227A /* Pods-TwoLineTests.release.xcconfig */,
				3840078E2A2C045A11E555CD /* Pods-TwoLineUITests.debug.xcconfig */,
				7B34EE7FFBEA1F838A4930DC /* Pods-TwoLineUITests.release.xcconfig */,
			);
			name = Pods;
			sourceTree = "<group>";
		};
		E631B29C1EFF886D008A8A91 /* Image */ = {
			isa = PBXGroup;
			children = (
				E631B29D1EFF886D008A8A91 /* Home.png */,
				E631B29E1EFF886D008A8A91 /* reload.png */,
				E631B29F1EFF886D008A8A91 /* Search.png */,
				E631B2A01EFF886D008A8A91 /* Setting.png */,
				E631B2A11EFF886D008A8A91 /* Tweet.png */,
				E65D4F771F2E09940042AF5C /* Add.png */,
				E609E3331F1B9B31006920B0 /* IMG_0562.jpg */,
				E609E3341F1B9B31006920B0 /* IMG_5624.jpg */,
			);
			path = Image;
			sourceTree = "<group>";
		};
		E69EB7861EC81B24001FEC62 = {
			isa = PBXGroup;
			children = (
				E631B29C1EFF886D008A8A91 /* Image */,
				E69EB7E51EC98656001FEC62 /* Model */,
				E69EB7911EC81B24001FEC62 /* TwoLine */,
				E69EB7A81EC81B24001FEC62 /* TwoLineTests */,
				E69EB7B31EC81B24001FEC62 /* TwoLineUITests */,
				E69EB7901EC81B24001FEC62 /* Products */,
				5DBD2843EB8E4769F892503A /* Pods */,
				FBEA430CC3819D36EFA65049 /* Frameworks */,
			);
			sourceTree = "<group>";
		};
		E69EB7901EC81B24001FEC62 /* Products */ = {
			isa = PBXGroup;
			children = (
				E69EB78F1EC81B24001FEC62 /* TwoLine.app */,
				E69EB7A51EC81B24001FEC62 /* TwoLineTests.xctest */,
				E69EB7B01EC81B24001FEC62 /* TwoLineUITests.xctest */,
			);
			name = Products;
			sourceTree = "<group>";
		};
		E69EB7911EC81B24001FEC62 /* TwoLine */ = {
			isa = PBXGroup;
			children = (
				E69EB7921EC81B24001FEC62 /* AppDelegate.swift */,
				E69EB7961EC81B24001FEC62 /* SearchViewController.swift */,
				E69EB7DD1EC82C13001FEC62 /* SettingVIewController.swift */,
				E68DD43E1EDA9705004D505E /* TabButtonTabBarController.swift */,
				E64549851F035CC100B39016 /* PageTableViewController.swift */,
				E64549871F035CFE00B39016 /* PageTableViewController.storyboard */,
				E676459E203CFFCA00449D87 /* HomeNavigationVC.swift */,
				E68358381F11F18B00388BF8 /* PageTweetTableViewCell.swift */,
				E6E413611F6E16DE0072ACF4 /* TimelineParser.swift */,
				E69EB7981EC81B24001FEC62 /* Main.storyboard */,
				E69EB79B1EC81B24001FEC62 /* Assets.xcassets */,
				E69EB79D1EC81B24001FEC62 /* LaunchScreen.storyboard */,
				E69EB7A01EC81B24001FEC62 /* Info.plist */,
				E6C026941F16511100D93C88 /* AddUIColor.swift */,
				E6E413631F6E22B50072ACF4 /* PostTweetViewController.swift */,
				E6AFA1A61F8095AA00F4B26D /* MyTabbar.swift */,
				E65C99471FA57DDA0015568F /* ListTimeLineViewController.swift */,
			);
			path = TwoLine;
			sourceTree = "<group>";
		};
		E69EB7A81EC81B24001FEC62 /* TwoLineTests */ = {
			isa = PBXGroup;
			children = (
				E69EB7A91EC81B24001FEC62 /* TwoLineTests.swift */,
				E69EB7AB1EC81B24001FEC62 /* Info.plist */,
			);
			path = TwoLineTests;
			sourceTree = SOURCE_ROOT;
		};
		E69EB7B31EC81B24001FEC62 /* TwoLineUITests */ = {
			isa = PBXGroup;
			children = (
				E69EB7B41EC81B24001FEC62 /* TwoLineUITests.swift */,
				E69EB7B61EC81B24001FEC62 /* Info.plist */,
			);
			path = TwoLineUITests;
			sourceTree = "<group>";
		};
		E69EB7E51EC98656001FEC62 /* Model */ = {
			isa = PBXGroup;
			children = (
				E605CBEF201459D50045379A /* Account.swift */,
				E69EB7E61EC98695001FEC62 /* User.swift */,
				E69EB7E81EC98A05001FEC62 /* Tweet.swift */,
				E605CBF12015976D0045379A /* Tweet2.swift */,
				E6706EA11FDCFACA008A2AFC /* Entities.swift */,
				E6FD09312001F1B0007AD349 /* Hashtag.swift */,
				E6FD09332001F5D2007AD349 /* URLs.swift */,
				E6FD093720020671007AD349 /* UserMentions.swift */,
				E6FD093920070F0D007AD349 /* Media.swift */,
			);
			name = Model;
			path = TwoLine;
			sourceTree = "<group>";
		};
		FBEA430CC3819D36EFA65049 /* Frameworks */ = {
			isa = PBXGroup;
			children = (
				D60ACFCD3DBB11420A6BFCDA /* Pods_TwoLine.framework */,
				6B291612B241187A17C59E9D /* Pods_TwoLineTests.framework */,
				61C5172F0EA5D4F9859C4829 /* Pods_TwoLineUITests.framework */,
			);
			name = Frameworks;
			sourceTree = "<group>";
		};
/* End PBXGroup section */

/* Begin PBXNativeTarget section */
		E69EB78E1EC81B24001FEC62 /* TwoLine */ = {
			isa = PBXNativeTarget;
			buildConfigurationList = E69EB7B91EC81B24001FEC62 /* Build configuration list for PBXNativeTarget "TwoLine" */;
			buildPhases = (
				40D213EB5BEBED912CCAC6EC /* [CP] Check Pods Manifest.lock */,
				E69EB78B1EC81B24001FEC62 /* Sources */,
				E69EB78C1EC81B24001FEC62 /* Frameworks */,
				E69EB78D1EC81B24001FEC62 /* Resources */,
				9A3CFFF565A6E47FC1E4473C /* [CP] Embed Pods Frameworks */,
				930638D6B360863497FAA6AB /* [CP] Copy Pods Resources */,
			);
			buildRules = (
			);
			dependencies = (
			);
			name = TwoLine;
			productName = TwoLine;
			productReference = E69EB78F1EC81B24001FEC62 /* TwoLine.app */;
			productType = "com.apple.product-type.application";
		};
		E69EB7A41EC81B24001FEC62 /* TwoLineTests */ = {
			isa = PBXNativeTarget;
			buildConfigurationList = E69EB7BC1EC81B24001FEC62 /* Build configuration list for PBXNativeTarget "TwoLineTests" */;
			buildPhases = (
				1D20AFE2B3A09CA935C15682 /* [CP] Check Pods Manifest.lock */,
				E69EB7A11EC81B24001FEC62 /* Sources */,
				E69EB7A21EC81B24001FEC62 /* Frameworks */,
				E69EB7A31EC81B24001FEC62 /* Resources */,
				5C80DE1BBA31732162036428 /* [CP] Embed Pods Frameworks */,
				76BA1F9167D8C33A6A9601C6 /* [CP] Copy Pods Resources */,
			);
			buildRules = (
			);
			dependencies = (
				E69EB7A71EC81B24001FEC62 /* PBXTargetDependency */,
			);
			name = TwoLineTests;
			productName = TwoLineTests;
			productReference = E69EB7A51EC81B24001FEC62 /* TwoLineTests.xctest */;
			productType = "com.apple.product-type.bundle.unit-test";
		};
		E69EB7AF1EC81B24001FEC62 /* TwoLineUITests */ = {
			isa = PBXNativeTarget;
			buildConfigurationList = E69EB7BF1EC81B24001FEC62 /* Build configuration list for PBXNativeTarget "TwoLineUITests" */;
			buildPhases = (
				D25300E48D4FF13300B4630A /* [CP] Check Pods Manifest.lock */,
				E69EB7AC1EC81B24001FEC62 /* Sources */,
				E69EB7AD1EC81B24001FEC62 /* Frameworks */,
				E69EB7AE1EC81B24001FEC62 /* Resources */,
				309D7B1F52D834A6198FB5F1 /* [CP] Embed Pods Frameworks */,
				C7315C1F229FC2851CBAD86E /* [CP] Copy Pods Resources */,
			);
			buildRules = (
			);
			dependencies = (
				E69EB7B21EC81B24001FEC62 /* PBXTargetDependency */,
			);
			name = TwoLineUITests;
			productName = TwoLineUITests;
			productReference = E69EB7B01EC81B24001FEC62 /* TwoLineUITests.xctest */;
			productType = "com.apple.product-type.bundle.ui-testing";
		};
/* End PBXNativeTarget section */

/* Begin PBXProject section */
		E69EB7871EC81B24001FEC62 /* Project object */ = {
			isa = PBXProject;
			attributes = {
				LastSwiftUpdateCheck = 0820;
				LastUpgradeCheck = 0900;
				ORGANIZATIONNAME = "麻生昌志";
				TargetAttributes = {
					E69EB78E1EC81B24001FEC62 = {
						CreatedOnToolsVersion = 8.2;
						DevelopmentTeam = GLQ4RHPUQV;
						LastSwiftMigration = 0910;
						ProvisioningStyle = Automatic;
					};
					E69EB7A41EC81B24001FEC62 = {
						CreatedOnToolsVersion = 8.2;
						DevelopmentTeam = GLQ4RHPUQV;
						LastSwiftMigration = 0910;
						ProvisioningStyle = Automatic;
						TestTargetID = E69EB78E1EC81B24001FEC62;
					};
					E69EB7AF1EC81B24001FEC62 = {
						CreatedOnToolsVersion = 8.2;
						DevelopmentTeam = GLQ4RHPUQV;
						LastSwiftMigration = 0910;
						ProvisioningStyle = Automatic;
						TestTargetID = E69EB78E1EC81B24001FEC62;
					};
				};
			};
			buildConfigurationList = E69EB78A1EC81B24001FEC62 /* Build configuration list for PBXProject "TwoLine" */;
			compatibilityVersion = "Xcode 3.2";
			developmentRegion = English;
			hasScannedForEncodings = 0;
			knownRegions = (
				en,
				Base,
			);
			mainGroup = E69EB7861EC81B24001FEC62;
			productRefGroup = E69EB7901EC81B24001FEC62 /* Products */;
			projectDirPath = "";
			projectRoot = "";
			targets = (
				E69EB78E1EC81B24001FEC62 /* TwoLine */,
				E69EB7A41EC81B24001FEC62 /* TwoLineTests */,
				E69EB7AF1EC81B24001FEC62 /* TwoLineUITests */,
			);
		};
/* End PBXProject section */

/* Begin PBXResourcesBuildPhase section */
		E69EB78D1EC81B24001FEC62 /* Resources */ = {
			isa = PBXResourcesBuildPhase;
			buildActionMask = 2147483647;
			files = (
				E609E3361F1B9B31006920B0 /* IMG_5624.jpg in Resources */,
				E631B2A21EFF886D008A8A91 /* Home.png in Resources */,
				E609E3351F1B9B31006920B0 /* IMG_0562.jpg in Resources */,
				E64549881F035CFE00B39016 /* PageTableViewController.storyboard in Resources */,
				E631B2A41EFF886D008A8A91 /* Search.png in Resources */,
				E69EB79F1EC81B24001FEC62 /* LaunchScreen.storyboard in Resources */,
				E65D4F781F2E09940042AF5C /* Add.png in Resources */,
				E69EB79C1EC81B24001FEC62 /* Assets.xcassets in Resources */,
				E69EB79A1EC81B24001FEC62 /* Main.storyboard in Resources */,
				E631B2A61EFF886D008A8A91 /* Tweet.png in Resources */,
				E631B2A51EFF886D008A8A91 /* Setting.png in Resources */,
				E631B2A31EFF886D008A8A91 /* reload.png in Resources */,
			);
			runOnlyForDeploymentPostprocessing = 0;
		};
		E69EB7A31EC81B24001FEC62 /* Resources */ = {
			isa = PBXResourcesBuildPhase;
			buildActionMask = 2147483647;
			files = (
			);
			runOnlyForDeploymentPostprocessing = 0;
		};
		E69EB7AE1EC81B24001FEC62 /* Resources */ = {
			isa = PBXResourcesBuildPhase;
			buildActionMask = 2147483647;
			files = (
			);
			runOnlyForDeploymentPostprocessing = 0;
		};
/* End PBXResourcesBuildPhase section */

/* Begin PBXShellScriptBuildPhase section */
		1D20AFE2B3A09CA935C15682 /* [CP] Check Pods Manifest.lock */ = {
			isa = PBXShellScriptBuildPhase;
			buildActionMask = 2147483647;
			files = (
			);
			inputPaths = (
				"${PODS_PODFILE_DIR_PATH}/Podfile.lock",
				"${PODS_ROOT}/Manifest.lock",
			);
			name = "[CP] Check Pods Manifest.lock";
			outputPaths = (
				"$(DERIVED_FILE_DIR)/Pods-TwoLineTests-checkManifestLockResult.txt",
			);
			runOnlyForDeploymentPostprocessing = 0;
			shellPath = /bin/sh;
			shellScript = "diff \"${PODS_PODFILE_DIR_PATH}/Podfile.lock\" \"${PODS_ROOT}/Manifest.lock\" > /dev/null\nif [ $? != 0 ] ; then\n    # print error to STDERR\n    echo \"error: The sandbox is not in sync with the Podfile.lock. Run 'pod install' or update your CocoaPods installation.\" >&2\n    exit 1\nfi\n# This output is used by Xcode 'outputs' to avoid re-running this script phase.\necho \"SUCCESS\" > \"${SCRIPT_OUTPUT_FILE_0}\"\n";
			showEnvVarsInLog = 0;
		};
		309D7B1F52D834A6198FB5F1 /* [CP] Embed Pods Frameworks */ = {
			isa = PBXShellScriptBuildPhase;
			buildActionMask = 2147483647;
			files = (
			);
			inputPaths = (
			);
			name = "[CP] Embed Pods Frameworks";
			outputPaths = (
			);
			runOnlyForDeploymentPostprocessing = 0;
			shellPath = /bin/sh;
			shellScript = "\"${SRCROOT}/Pods/Target Support Files/Pods-TwoLineUITests/Pods-TwoLineUITests-frameworks.sh\"\n";
			showEnvVarsInLog = 0;
		};
		40D213EB5BEBED912CCAC6EC /* [CP] Check Pods Manifest.lock */ = {
			isa = PBXShellScriptBuildPhase;
			buildActionMask = 2147483647;
			files = (
			);
			inputPaths = (
				"${PODS_PODFILE_DIR_PATH}/Podfile.lock",
				"${PODS_ROOT}/Manifest.lock",
			);
			name = "[CP] Check Pods Manifest.lock";
			outputPaths = (
				"$(DERIVED_FILE_DIR)/Pods-TwoLine-checkManifestLockResult.txt",
			);
			runOnlyForDeploymentPostprocessing = 0;
			shellPath = /bin/sh;
			shellScript = "diff \"${PODS_PODFILE_DIR_PATH}/Podfile.lock\" \"${PODS_ROOT}/Manifest.lock\" > /dev/null\nif [ $? != 0 ] ; then\n    # print error to STDERR\n    echo \"error: The sandbox is not in sync with the Podfile.lock. Run 'pod install' or update your CocoaPods installation.\" >&2\n    exit 1\nfi\n# This output is used by Xcode 'outputs' to avoid re-running this script phase.\necho \"SUCCESS\" > \"${SCRIPT_OUTPUT_FILE_0}\"\n";
			showEnvVarsInLog = 0;
		};
		5C80DE1BBA31732162036428 /* [CP] Embed Pods Frameworks */ = {
			isa = PBXShellScriptBuildPhase;
			buildActionMask = 2147483647;
			files = (
			);
			inputPaths = (
			);
			name = "[CP] Embed Pods Frameworks";
			outputPaths = (
			);
			runOnlyForDeploymentPostprocessing = 0;
			shellPath = /bin/sh;
			shellScript = "\"${SRCROOT}/Pods/Target Support Files/Pods-TwoLineTests/Pods-TwoLineTests-frameworks.sh\"\n";
			showEnvVarsInLog = 0;
		};
		76BA1F9167D8C33A6A9601C6 /* [CP] Copy Pods Resources */ = {
			isa = PBXShellScriptBuildPhase;
			buildActionMask = 2147483647;
			files = (
			);
			inputPaths = (
			);
			name = "[CP] Copy Pods Resources";
			outputPaths = (
			);
			runOnlyForDeploymentPostprocessing = 0;
			shellPath = /bin/sh;
			shellScript = "\"${SRCROOT}/Pods/Target Support Files/Pods-TwoLineTests/Pods-TwoLineTests-resources.sh\"\n";
			showEnvVarsInLog = 0;
		};
		930638D6B360863497FAA6AB /* [CP] Copy Pods Resources */ = {
			isa = PBXShellScriptBuildPhase;
			buildActionMask = 2147483647;
			files = (
			);
			inputPaths = (
				"${SRCROOT}/Pods/Target Support Files/Pods-TwoLine/Pods-TwoLine-resources.sh",
				"${PODS_ROOT}/TwitterKit/iOS/TwitterKit.framework/Versions/A/Resources/TwitterKitResources.bundle",
			);
			name = "[CP] Copy Pods Resources";
			outputPaths = (
				"${TARGET_BUILD_DIR}/${UNLOCALIZED_RESOURCES_FOLDER_PATH}/TwitterKitResources.bundle",
			);
			runOnlyForDeploymentPostprocessing = 0;
			shellPath = /bin/sh;
			shellScript = "\"${SRCROOT}/Pods/Target Support Files/Pods-TwoLine/Pods-TwoLine-resources.sh\"\n";
			showEnvVarsInLog = 0;
		};
		9A3CFFF565A6E47FC1E4473C /* [CP] Embed Pods Frameworks */ = {
			isa = PBXShellScriptBuildPhase;
			buildActionMask = 2147483647;
			files = (
			);
			inputPaths = (
				"${SRCROOT}/Pods/Target Support Files/Pods-TwoLine/Pods-TwoLine-frameworks.sh",
				"${BUILT_PRODUCTS_DIR}/Kingfisher/Kingfisher.framework",
				"${BUILT_PRODUCTS_DIR}/SwiftyJSON/SwiftyJSON.framework",
				"${BUILT_PRODUCTS_DIR}/TTTAttributedLabel/TTTAttributedLabel.framework",
				"${BUILT_PRODUCTS_DIR}/TabPageViewController/TabPageViewController.framework",
			);
			name = "[CP] Embed Pods Frameworks";
			outputPaths = (
				"${TARGET_BUILD_DIR}/${FRAMEWORKS_FOLDER_PATH}/Kingfisher.framework",
				"${TARGET_BUILD_DIR}/${FRAMEWORKS_FOLDER_PATH}/SwiftyJSON.framework",
				"${TARGET_BUILD_DIR}/${FRAMEWORKS_FOLDER_PATH}/TTTAttributedLabel.framework",
				"${TARGET_BUILD_DIR}/${FRAMEWORKS_FOLDER_PATH}/TabPageViewController.framework",
			);
			runOnlyForDeploymentPostprocessing = 0;
			shellPath = /bin/sh;
			shellScript = "\"${SRCROOT}/Pods/Target Support Files/Pods-TwoLine/Pods-TwoLine-frameworks.sh\"\n";
			showEnvVarsInLog = 0;
		};
		C7315C1F229FC2851CBAD86E /* [CP] Copy Pods Resources */ = {
			isa = PBXShellScriptBuildPhase;
			buildActionMask = 2147483647;
			files = (
			);
			inputPaths = (
			);
			name = "[CP] Copy Pods Resources";
			outputPaths = (
			);
			runOnlyForDeploymentPostprocessing = 0;
			shellPath = /bin/sh;
			shellScript = "\"${SRCROOT}/Pods/Target Support Files/Pods-TwoLineUITests/Pods-TwoLineUITests-resources.sh\"\n";
			showEnvVarsInLog = 0;
		};
		D25300E48D4FF13300B4630A /* [CP] Check Pods Manifest.lock */ = {
			isa = PBXShellScriptBuildPhase;
			buildActionMask = 2147483647;
			files = (
			);
			inputPaths = (
				"${PODS_PODFILE_DIR_PATH}/Podfile.lock",
				"${PODS_ROOT}/Manifest.lock",
			);
			name = "[CP] Check Pods Manifest.lock";
			outputPaths = (
				"$(DERIVED_FILE_DIR)/Pods-TwoLineUITests-checkManifestLockResult.txt",
			);
			runOnlyForDeploymentPostprocessing = 0;
			shellPath = /bin/sh;
			shellScript = "diff \"${PODS_PODFILE_DIR_PATH}/Podfile.lock\" \"${PODS_ROOT}/Manifest.lock\" > /dev/null\nif [ $? != 0 ] ; then\n    # print error to STDERR\n    echo \"error: The sandbox is not in sync with the Podfile.lock. Run 'pod install' or update your CocoaPods installation.\" >&2\n    exit 1\nfi\n# This output is used by Xcode 'outputs' to avoid re-running this script phase.\necho \"SUCCESS\" > \"${SCRIPT_OUTPUT_FILE_0}\"\n";
			showEnvVarsInLog = 0;
		};
/* End PBXShellScriptBuildPhase section */

/* Begin PBXSourcesBuildPhase section */
		E69EB78B1EC81B24001FEC62 /* Sources */ = {
			isa = PBXSourcesBuildPhase;
			buildActionMask = 2147483647;
			files = (
				E6C026951F16511100D93C88 /* AddUIColor.swift in Sources */,
				E676459F203CFFCA00449D87 /* HomeNavigationVC.swift in Sources */,
				E6FD09342001F5D2007AD349 /* URLs.swift in Sources */,
				E6FD093A20070F0D007AD349 /* Media.swift in Sources */,
				E68358391F11F18B00388BF8 /* PageTweetTableViewCell.swift in Sources */,
				E69EB7DE1EC82C13001FEC62 /* SettingVIewController.swift in Sources */,
				E6AFA1A71F8095AA00F4B26D /* MyTabbar.swift in Sources */,
				E6706EA21FDCFACA008A2AFC /* Entities.swift in Sources */,
				E6FD09322001F1B0007AD349 /* Hashtag.swift in Sources */,
				E65C99481FA57DDA0015568F /* ListTimeLineViewController.swift in Sources */,
				E69EB7E71EC98695001FEC62 /* User.swift in Sources */,
				E605CBF0201459D50045379A /* Account.swift in Sources */,
				E69EB7E91EC98A05001FEC62 /* Tweet.swift in Sources */,
				E64549861F035CC100B39016 /* PageTableViewController.swift in Sources */,
				E6E413641F6E22B50072ACF4 /* PostTweetViewController.swift in Sources */,
				E69EB7971EC81B24001FEC62 /* SearchViewController.swift in Sources */,
				E6E413621F6E16DE0072ACF4 /* TimelineParser.swift in Sources */,
				E68DD43F1EDA9705004D505E /* TabButtonTabBarController.swift in Sources */,
				E605CBF22015976D0045379A /* Tweet2.swift in Sources */,
				E6FD093820020671007AD349 /* UserMentions.swift in Sources */,
				E69EB7931EC81B24001FEC62 /* AppDelegate.swift in Sources */,
			);
			runOnlyForDeploymentPostprocessing = 0;
		};
		E69EB7A11EC81B24001FEC62 /* Sources */ = {
			isa = PBXSourcesBuildPhase;
			buildActionMask = 2147483647;
			files = (
				E69EB7AA1EC81B24001FEC62 /* TwoLineTests.swift in Sources */,
			);
			runOnlyForDeploymentPostprocessing = 0;
		};
		E69EB7AC1EC81B24001FEC62 /* Sources */ = {
			isa = PBXSourcesBuildPhase;
			buildActionMask = 2147483647;
			files = (
				E69EB7B51EC81B24001FEC62 /* TwoLineUITests.swift in Sources */,
			);
			runOnlyForDeploymentPostprocessing = 0;
		};
/* End PBXSourcesBuildPhase section */

/* Begin PBXTargetDependency section */
		E69EB7A71EC81B24001FEC62 /* PBXTargetDependency */ = {
			isa = PBXTargetDependency;
			target = E69EB78E1EC81B24001FEC62 /* TwoLine */;
			targetProxy = E69EB7A61EC81B24001FEC62 /* PBXContainerItemProxy */;
		};
		E69EB7B21EC81B24001FEC62 /* PBXTargetDependency */ = {
			isa = PBXTargetDependency;
			target = E69EB78E1EC81B24001FEC62 /* TwoLine */;
			targetProxy = E69EB7B11EC81B24001FEC62 /* PBXContainerItemProxy */;
		};
/* End PBXTargetDependency section */

/* Begin PBXVariantGroup section */
		E69EB7981EC81B24001FEC62 /* Main.storyboard */ = {
			isa = PBXVariantGroup;
			children = (
				E69EB7991EC81B24001FEC62 /* Base */,
			);
			name = Main.storyboard;
			sourceTree = "<group>";
		};
		E69EB79D1EC81B24001FEC62 /* LaunchScreen.storyboard */ = {
			isa = PBXVariantGroup;
			children = (
				E69EB79E1EC81B24001FEC62 /* Base */,
			);
			name = LaunchScreen.storyboard;
			sourceTree = "<group>";
		};
/* End PBXVariantGroup section */

/* Begin XCBuildConfiguration section */
		E69EB7B71EC81B24001FEC62 /* Debug */ = {
			isa = XCBuildConfiguration;
			buildSettings = {
				ALWAYS_SEARCH_USER_PATHS = NO;
				CLANG_ANALYZER_NONNULL = YES;
				CLANG_CXX_LANGUAGE_STANDARD = "gnu++0x";
				CLANG_CXX_LIBRARY = "libc++";
				CLANG_ENABLE_MODULES = YES;
				CLANG_ENABLE_OBJC_ARC = YES;
				CLANG_WARN_BLOCK_CAPTURE_AUTORELEASING = YES;
				CLANG_WARN_BOOL_CONVERSION = YES;
				CLANG_WARN_COMMA = YES;
				CLANG_WARN_CONSTANT_CONVERSION = YES;
				CLANG_WARN_DIRECT_OBJC_ISA_USAGE = YES_ERROR;
				CLANG_WARN_DOCUMENTATION_COMMENTS = YES;
				CLANG_WARN_EMPTY_BODY = YES;
				CLANG_WARN_ENUM_CONVERSION = YES;
				CLANG_WARN_INFINITE_RECURSION = YES;
				CLANG_WARN_INT_CONVERSION = YES;
				CLANG_WARN_NON_LITERAL_NULL_CONVERSION = YES;
				CLANG_WARN_OBJC_LITERAL_CONVERSION = YES;
				CLANG_WARN_OBJC_ROOT_CLASS = YES_ERROR;
				CLANG_WARN_RANGE_LOOP_ANALYSIS = YES;
				CLANG_WARN_STRICT_PROTOTYPES = YES;
				CLANG_WARN_SUSPICIOUS_MOVE = YES;
				CLANG_WARN_UNREACHABLE_CODE = YES;
				CLANG_WARN__DUPLICATE_METHOD_MATCH = YES;
				"CODE_SIGN_IDENTITY[sdk=iphoneos*]" = "iPhone Developer";
				COPY_PHASE_STRIP = NO;
				DEBUG_INFORMATION_FORMAT = dwarf;
				ENABLE_STRICT_OBJC_MSGSEND = YES;
				ENABLE_TESTABILITY = YES;
				GCC_C_LANGUAGE_STANDARD = gnu99;
				GCC_DYNAMIC_NO_PIC = NO;
				GCC_NO_COMMON_BLOCKS = YES;
				GCC_OPTIMIZATION_LEVEL = 0;
				GCC_PREPROCESSOR_DEFINITIONS = (
					"DEBUG=1",
					"$(inherited)",
				);
				GCC_WARN_64_TO_32_BIT_CONVERSION = YES;
				GCC_WARN_ABOUT_RETURN_TYPE = YES_ERROR;
				GCC_WARN_UNDECLARED_SELECTOR = YES;
				GCC_WARN_UNINITIALIZED_AUTOS = YES_AGGRESSIVE;
				GCC_WARN_UNUSED_FUNCTION = YES;
				GCC_WARN_UNUSED_VARIABLE = YES;
				IPHONEOS_DEPLOYMENT_TARGET = 10.2;
				MTL_ENABLE_DEBUG_INFO = YES;
				ONLY_ACTIVE_ARCH = YES;
				OTHER_LDFLAGS = "";
				SDKROOT = iphoneos;
				SWIFT_ACTIVE_COMPILATION_CONDITIONS = DEBUG;
				SWIFT_OPTIMIZATION_LEVEL = "-Onone";
			};
			name = Debug;
		};
		E69EB7B81EC81B24001FEC62 /* Release */ = {
			isa = XCBuildConfiguration;
			buildSettings = {
				ALWAYS_SEARCH_USER_PATHS = NO;
				CLANG_ANALYZER_NONNULL = YES;
				CLANG_CXX_LANGUAGE_STANDARD = "gnu++0x";
				CLANG_CXX_LIBRARY = "libc++";
				CLANG_ENABLE_MODULES = YES;
				CLANG_ENABLE_OBJC_ARC = YES;
				CLANG_WARN_BLOCK_CAPTURE_AUTORELEASING = YES;
				CLANG_WARN_BOOL_CONVERSION = YES;
				CLANG_WARN_COMMA = YES;
				CLANG_WARN_CONSTANT_CONVERSION = YES;
				CLANG_WARN_DIRECT_OBJC_ISA_USAGE = YES_ERROR;
				CLANG_WARN_DOCUMENTATION_COMMENTS = YES;
				CLANG_WARN_EMPTY_BODY = YES;
				CLANG_WARN_ENUM_CONVERSION = YES;
				CLANG_WARN_INFINITE_RECURSION = YES;
				CLANG_WARN_INT_CONVERSION = YES;
				CLANG_WARN_NON_LITERAL_NULL_CONVERSION = YES;
				CLANG_WARN_OBJC_LITERAL_CONVERSION = YES;
				CLANG_WARN_OBJC_ROOT_CLASS = YES_ERROR;
				CLANG_WARN_RANGE_LOOP_ANALYSIS = YES;
				CLANG_WARN_STRICT_PROTOTYPES = YES;
				CLANG_WARN_SUSPICIOUS_MOVE = YES;
				CLANG_WARN_UNREACHABLE_CODE = YES;
				CLANG_WARN__DUPLICATE_METHOD_MATCH = YES;
				"CODE_SIGN_IDENTITY[sdk=iphoneos*]" = "iPhone Developer";
				COPY_PHASE_STRIP = NO;
				DEBUG_INFORMATION_FORMAT = "dwarf-with-dsym";
				ENABLE_NS_ASSERTIONS = NO;
				ENABLE_STRICT_OBJC_MSGSEND = YES;
				GCC_C_LANGUAGE_STANDARD = gnu99;
				GCC_NO_COMMON_BLOCKS = YES;
				GCC_WARN_64_TO_32_BIT_CONVERSION = YES;
				GCC_WARN_ABOUT_RETURN_TYPE = YES_ERROR;
				GCC_WARN_UNDECLARED_SELECTOR = YES;
				GCC_WARN_UNINITIALIZED_AUTOS = YES_AGGRESSIVE;
				GCC_WARN_UNUSED_FUNCTION = YES;
				GCC_WARN_UNUSED_VARIABLE = YES;
				IPHONEOS_DEPLOYMENT_TARGET = 10.2;
				MTL_ENABLE_DEBUG_INFO = NO;
				ONLY_ACTIVE_ARCH = YES;
				OTHER_LDFLAGS = "";
				SDKROOT = iphoneos;
				SWIFT_OPTIMIZATION_LEVEL = "-Owholemodule";
				VALIDATE_PRODUCT = YES;
			};
			name = Release;
		};
		E69EB7BA1EC81B24001FEC62 /* Debug */ = {
			isa = XCBuildConfiguration;
			baseConfigurationReference = C4C650C9D6B958FEFB90D1F3 /* Pods-TwoLine.debug.xcconfig */;
			buildSettings = {
				ASSETCATALOG_COMPILER_APPICON_NAME = AppIcon;
				CLANG_ENABLE_MODULES = YES;
				DEVELOPMENT_TEAM = GLQ4RHPUQV;
				FRAMEWORK_SEARCH_PATHS = (
					"$(inherited)",
					"$(PROJECT_DIR)/Twitter-Kit-iOS",
				);
				INFOPLIST_FILE = TwoLine/Info.plist;
				LD_RUNPATH_SEARCH_PATHS = "$(inherited) @executable_path/Frameworks";
				PRODUCT_BUNDLE_IDENTIFIER = com.litech.TwoLine;
				PRODUCT_NAME = "$(TARGET_NAME)";
				SWIFT_OPTIMIZATION_LEVEL = "-Onone";
				SWIFT_SWIFT3_OBJC_INFERENCE = On;
				SWIFT_VERSION = 4.0;
				TARGETED_DEVICE_FAMILY = "1,2";
			};
			name = Debug;
		};
		E69EB7BB1EC81B24001FEC62 /* Release */ = {
			isa = XCBuildConfiguration;
			baseConfigurationReference = 52C46D28C5F1CB917A898DFE /* Pods-TwoLine.release.xcconfig */;
			buildSettings = {
				ASSETCATALOG_COMPILER_APPICON_NAME = AppIcon;
				CLANG_ENABLE_MODULES = YES;
				DEVELOPMENT_TEAM = GLQ4RHPUQV;
				FRAMEWORK_SEARCH_PATHS = (
					"$(inherited)",
					"$(PROJECT_DIR)/Twitter-Kit-iOS",
				);
				INFOPLIST_FILE = TwoLine/Info.plist;
				LD_RUNPATH_SEARCH_PATHS = "$(inherited) @executable_path/Frameworks";
				PRODUCT_BUNDLE_IDENTIFIER = com.litech.TwoLine;
				PRODUCT_NAME = "$(TARGET_NAME)";
				SWIFT_SWIFT3_OBJC_INFERENCE = On;
				SWIFT_VERSION = 4.0;
				TARGETED_DEVICE_FAMILY = "1,2";
			};
			name = Release;
		};
		E69EB7BD1EC81B24001FEC62 /* Debug */ = {
			isa = XCBuildConfiguration;
			baseConfigurationReference = 56A02B051CF78DCB7043E39D /* Pods-TwoLineTests.debug.xcconfig */;
			buildSettings = {
				ALWAYS_EMBED_SWIFT_STANDARD_LIBRARIES = YES;
				BUNDLE_LOADER = "$(TEST_HOST)";
				DEVELOPMENT_TEAM = GLQ4RHPUQV;
				INFOPLIST_FILE = TwoLineTests/Info.plist;
				LD_RUNPATH_SEARCH_PATHS = "$(inherited) @executable_path/Frameworks @loader_path/Frameworks";
				PRODUCT_BUNDLE_IDENTIFIER = com.litech.TwoLineTests;
				PRODUCT_NAME = "$(TARGET_NAME)";
				SWIFT_SWIFT3_OBJC_INFERENCE = On;
				SWIFT_VERSION = 4.0;
				TEST_HOST = "$(BUILT_PRODUCTS_DIR)/TwoLine.app/TwoLine";
			};
			name = Debug;
		};
		E69EB7BE1EC81B24001FEC62 /* Release */ = {
			isa = XCBuildConfiguration;
			baseConfigurationReference = 067856B15BC27AE69C44227A /* Pods-TwoLineTests.release.xcconfig */;
			buildSettings = {
				ALWAYS_EMBED_SWIFT_STANDARD_LIBRARIES = YES;
				BUNDLE_LOADER = "$(TEST_HOST)";
				DEVELOPMENT_TEAM = GLQ4RHPUQV;
				INFOPLIST_FILE = TwoLineTests/Info.plist;
				LD_RUNPATH_SEARCH_PATHS = "$(inherited) @executable_path/Frameworks @loader_path/Frameworks";
				PRODUCT_BUNDLE_IDENTIFIER = com.litech.TwoLineTests;
				PRODUCT_NAME = "$(TARGET_NAME)";
				SWIFT_SWIFT3_OBJC_INFERENCE = On;
				SWIFT_VERSION = 4.0;
				TEST_HOST = "$(BUILT_PRODUCTS_DIR)/TwoLine.app/TwoLine";
			};
			name = Release;
		};
		E69EB7C01EC81B24001FEC62 /* Debug */ = {
			isa = XCBuildConfiguration;
			baseConfigurationReference = 3840078E2A2C045A11E555CD /* Pods-TwoLineUITests.debug.xcconfig */;
			buildSettings = {
				ALWAYS_EMBED_SWIFT_STANDARD_LIBRARIES = YES;
				DEVELOPMENT_TEAM = GLQ4RHPUQV;
				INFOPLIST_FILE = TwoLineUITests/Info.plist;
				LD_RUNPATH_SEARCH_PATHS = "$(inherited) @executable_path/Frameworks @loader_path/Frameworks";
				PRODUCT_BUNDLE_IDENTIFIER = com.litech.TwoLineUITests;
				PRODUCT_NAME = "$(TARGET_NAME)";
				SWIFT_SWIFT3_OBJC_INFERENCE = On;
				SWIFT_VERSION = 4.0;
				TEST_TARGET_NAME = TwoLine;
			};
			name = Debug;
		};
		E69EB7C11EC81B24001FEC62 /* Release */ = {
			isa = XCBuildConfiguration;
			baseConfigurationReference = 7B34EE7FFBEA1F838A4930DC /* Pods-TwoLineUITests.release.xcconfig */;
			buildSettings = {
				ALWAYS_EMBED_SWIFT_STANDARD_LIBRARIES = YES;
				DEVELOPMENT_TEAM = GLQ4RHPUQV;
				INFOPLIST_FILE = TwoLineUITests/Info.plist;
				LD_RUNPATH_SEARCH_PATHS = "$(inherited) @executable_path/Frameworks @loader_path/Frameworks";
				PRODUCT_BUNDLE_IDENTIFIER = com.litech.TwoLineUITests;
				PRODUCT_NAME = "$(TARGET_NAME)";
				SWIFT_SWIFT3_OBJC_INFERENCE = On;
				SWIFT_VERSION = 4.0;
				TEST_TARGET_NAME = TwoLine;
			};
			name = Release;
		};
/* End XCBuildConfiguration section */

/* Begin XCConfigurationList section */
		E69EB78A1EC81B24001FEC62 /* Build configuration list for PBXProject "TwoLine" */ = {
			isa = XCConfigurationList;
			buildConfigurations = (
				E69EB7B71EC81B24001FEC62 /* Debug */,
				E69EB7B81EC81B24001FEC62 /* Release */,
			);
			defaultConfigurationIsVisible = 0;
			defaultConfigurationName = Release;
		};
		E69EB7B91EC81B24001FEC62 /* Build configuration list for PBXNativeTarget "TwoLine" */ = {
			isa = XCConfigurationList;
			buildConfigurations = (
				E69EB7BA1EC81B24001FEC62 /* Debug */,
				E69EB7BB1EC81B24001FEC62 /* Release */,
			);
			defaultConfigurationIsVisible = 0;
			defaultConfigurationName = Release;
		};
		E69EB7BC1EC81B24001FEC62 /* Build configuration list for PBXNativeTarget "TwoLineTests" */ = {
			isa = XCConfigurationList;
			buildConfigurations = (
				E69EB7BD1EC81B24001FEC62 /* Debug */,
				E69EB7BE1EC81B24001FEC62 /* Release */,
			);
			defaultConfigurationIsVisible = 0;
			defaultConfigurationName = Release;
		};
		E69EB7BF1EC81B24001FEC62 /* Build configuration list for PBXNativeTarget "TwoLineUITests" */ = {
			isa = XCConfigurationList;
			buildConfigurations = (
				E69EB7C01EC81B24001FEC62 /* Debug */,
				E69EB7C11EC81B24001FEC62 /* Release */,
			);
			defaultConfigurationIsVisible = 0;
			defaultConfigurationName = Release;
		};
/* End XCConfigurationList section */
	};
	rootObject = E69EB7871EC81B24001FEC62 /* Project object */;
}
